
Microsoft Visual Studio Solution File, Format Version 12.00
# Visual Studio Version 17
VisualStudioVersion = 17.7.34003.232
MinimumVisualStudioVersion = 10.0.40219.1
Project("{FAE04EC0-301F-11D3-BF4B-00C04F79EFBC}") = "WebAPITest", "WebAPITest.csproj", "{CA1D2F8B-EC3A-4559-BD0D-B73B8CC25ACB}"
EndProject
Global
	GlobalSection(SolutionConfigurationPlatforms) = preSolution
		Debug|Any CPU = Debug|Any CPU
		Release|Any CPU = Release|Any CPU
	EndGlobalSection
	GlobalSection(ProjectConfigurationPlatforms) = postSolution
		{CA1D2F8B-EC3A-4559-BD0D-B73B8CC25ACB}.Debug|Any CPU.ActiveCfg = Debug|Any CPU
		{CA1D2F8B-EC3A-4559-BD0D-B73B8CC25ACB}.Debug|Any CPU.Build.0 = Debug|Any CPU
		{CA1D2F8B-EC3A-4559-BD0D-B73B8CC25ACB}.Release|Any CPU.ActiveCfg = Release|Any CPU
		{CA1D2F8B-EC3A-4559-BD0D-B73B8CC25ACB}.Release|Any CPU.Build.0 = Release|Any CPU
	EndGlobalSection
	GlobalSection(SolutionProperties) = preSolution
		HideSolutionNode = FALSE
	EndGlobalSection
	GlobalSection(ExtensibilityGlobals) = postSolution
		SolutionGuid = {A42CA366-4134-4DBB-B702-F93DE16E0F7E}
	EndGlobalSection
EndGlobal
